
Microsoft Visual Studio Solution File, Format Version 12.00
# Visual Studio Version 16
VisualStudioVersion = 16.0.30523.141
MinimumVisualStudioVersion = 10.0.40219.1
Project("{FAE04EC0-301F-11D3-BF4B-00C04F79EFBC}") = "DEMOCORE", "DEMOCORE\DEMOCORE.csproj", "{16D4D8F0-AEDF-4C7F-B7FF-E021FD6D3DBB}"
EndProject
Global
	GlobalSection(SolutionConfigurationPlatforms) = preSolution
		Debug|Any CPU = Debug|Any CPU
		Release|Any CPU = Release|Any CPU
	EndGlobalSection
	GlobalSection(ProjectConfigurationPlatforms) = postSolution
		{16D4D8F0-AEDF-4C7F-B7FF-E021FD6D3DBB}.Debug|Any CPU.ActiveCfg = Debug|Any CPU
		{16D4D8F0-AEDF-4C7F-B7FF-E021FD6D3DBB}.Debug|Any CPU.Build.0 = Debug|Any CPU
		{16D4D8F0-AEDF-4C7F-B7FF-E021FD6D3DBB}.Release|Any CPU.ActiveCfg = Release|Any CPU
		{16D4D8F0-AEDF-4C7F-B7FF-E021FD6D3DBB}.Release|Any CPU.Build.0 = Release|Any CPU
	EndGlobalSection
	GlobalSection(SolutionProperties) = preSolution
		HideSolutionNode = FALSE
	EndGlobalSection
	GlobalSection(ExtensibilityGlobals) = postSolution
		SolutionGuid = {2BCD6112-23C4-4AE7-8B96-46B425EB798D}
	EndGlobalSection
EndGlobal
